
Microsoft Visual Studio Solution File, Format Version 12.00
# Visual Studio 14
VisualStudioVersion = 14.0.24720.0
MinimumVisualStudioVersion = 10.0.40219.1
Project("{FAE04EC0-301F-11D3-BF4B-00C04F79EFBC}") = "Shapes", "Shapes\Shapes.csproj", "{6EA6791E-BB41-4CCC-A0B6-643A646BA283}"
EndProject
Project("{FAE04EC0-301F-11D3-BF4B-00C04F79EFBC}") = "Model", "Model\Model.csproj", "{17592C30-AF68-4452-812B-881A68AF0CD7}"
EndProject
Global
	GlobalSection(SolutionConfigurationPlatforms) = preSolution
		Debug|Any CPU = Debug|Any CPU
		Release|Any CPU = Release|Any CPU
	EndGlobalSection
	GlobalSection(ProjectConfigurationPlatforms) = postSolution
		{6EA6791E-BB41-4CCC-A0B6-643A646BA283}.Debug|Any CPU.ActiveCfg = Debug|Any CPU
		{6EA6791E-BB41-4CCC-A0B6-643A646BA283}.Debug|Any CPU.Build.0 = Debug|Any CPU
		{6EA6791E-BB41-4CCC-A0B6-643A646BA283}.Release|Any CPU.ActiveCfg = Release|Any CPU
		{6EA6791E-BB41-4CCC-A0B6-643A646BA283}.Release|Any CPU.Build.0 = Release|Any CPU
		{17592C30-AF68-4452-812B-881A68AF0CD7}.Debug|Any CPU.ActiveCfg = Debug|Any CPU
		{17592C30-AF68-4452-812B-881A68AF0CD7}.Debug|Any CPU.Build.0 = Debug|Any CPU
		{17592C30-AF68-4452-812B-881A68AF0CD7}.Release|Any CPU.ActiveCfg = Release|Any CPU
		{17592C30-AF68-4452-812B-881A68AF0CD7}.Release|Any CPU.Build.0 = Release|Any CPU
	EndGlobalSection
	GlobalSection(SolutionProperties) = preSolution
		HideSolutionNode = FALSE
	EndGlobalSection
EndGlobal
